
Microsoft Visual Studio Solution File, Format Version 12.00
# Visual Studio Version 16
VisualStudioVersion = 16.0.31025.194
MinimumVisualStudioVersion = 10.0.40219.1
Project("{FAE04EC0-301F-11D3-BF4B-00C04F79EFBC}") = "StudentDetails", "StudentDetails\StudentDetails.csproj", "{19A4A341-B44F-416B-8894-784E33D24701}"
EndProject
Global
	GlobalSection(SolutionConfigurationPlatforms) = preSolution
		Debug|Any CPU = Debug|Any CPU
		Release|Any CPU = Release|Any CPU
	EndGlobalSection
	GlobalSection(ProjectConfigurationPlatforms) = postSolution
		{19A4A341-B44F-416B-8894-784E33D24701}.Debug|Any CPU.ActiveCfg = Debug|Any CPU
		{19A4A341-B44F-416B-8894-784E33D24701}.Debug|Any CPU.Build.0 = Debug|Any CPU
		{19A4A341-B44F-416B-8894-784E33D24701}.Release|Any CPU.ActiveCfg = Release|Any CPU
		{19A4A341-B44F-416B-8894-784E33D24701}.Release|Any CPU.Build.0 = Release|Any CPU
	EndGlobalSection
	GlobalSection(SolutionProperties) = preSolution
		HideSolutionNode = FALSE
	EndGlobalSection
	GlobalSection(ExtensibilityGlobals) = postSolution
		SolutionGuid = {28467FBD-BC83-43E3-9663-FDD3FD5886EA}
	EndGlobalSection
EndGlobal
