
Microsoft Visual Studio Solution File, Format Version 12.00
# Visual Studio Version 16
VisualStudioVersion = 16.0.31025.194
MinimumVisualStudioVersion = 10.0.40219.1
Project("{FAE04EC0-301F-11D3-BF4B-00C04F79EFBC}") = "ExtensionMethodHomework", "ExtensionMethodHomework\ExtensionMethodHomework.csproj", "{E997058C-F5E5-4A54-84AE-EB20F6917C1F}"
EndProject
Global
	GlobalSection(SolutionConfigurationPlatforms) = preSolution
		Debug|Any CPU = Debug|Any CPU
		Release|Any CPU = Release|Any CPU
	EndGlobalSection
	GlobalSection(ProjectConfigurationPlatforms) = postSolution
		{E997058C-F5E5-4A54-84AE-EB20F6917C1F}.Debug|Any CPU.ActiveCfg = Debug|Any CPU
		{E997058C-F5E5-4A54-84AE-EB20F6917C1F}.Debug|Any CPU.Build.0 = Debug|Any CPU
		{E997058C-F5E5-4A54-84AE-EB20F6917C1F}.Release|Any CPU.ActiveCfg = Release|Any CPU
		{E997058C-F5E5-4A54-84AE-EB20F6917C1F}.Release|Any CPU.Build.0 = Release|Any CPU
	EndGlobalSection
	GlobalSection(SolutionProperties) = preSolution
		HideSolutionNode = FALSE
	EndGlobalSection
	GlobalSection(ExtensibilityGlobals) = postSolution
		SolutionGuid = {65863E05-22F6-4B78-8433-BE8AFC114040}
	EndGlobalSection
EndGlobal
