
Microsoft Visual Studio Solution File, Format Version 12.00
# Visual Studio Version 16
VisualStudioVersion = 16.0.31025.194
MinimumVisualStudioVersion = 10.0.40219.1
Project("{FAE04EC0-301F-11D3-BF4B-00C04F79EFBC}") = "AccessModifiersHomework", "AccessModifiersHomework\AccessModifiersHomework.csproj", "{29749DDF-F647-421E-A001-A3A1DD7471C2}"
EndProject
Project("{FAE04EC0-301F-11D3-BF4B-00C04F79EFBC}") = "AMLibrary", "AMLibrary\AMLibrary.csproj", "{491E15F4-C8EF-4564-B7C9-9B3FE804A901}"
EndProject
Global
	GlobalSection(SolutionConfigurationPlatforms) = preSolution
		Debug|Any CPU = Debug|Any CPU
		Release|Any CPU = Release|Any CPU
	EndGlobalSection
	GlobalSection(ProjectConfigurationPlatforms) = postSolution
		{29749DDF-F647-421E-A001-A3A1DD7471C2}.Debug|Any CPU.ActiveCfg = Debug|Any CPU
		{29749DDF-F647-421E-A001-A3A1DD7471C2}.Debug|Any CPU.Build.0 = Debug|Any CPU
		{29749DDF-F647-421E-A001-A3A1DD7471C2}.Release|Any CPU.ActiveCfg = Release|Any CPU
		{29749DDF-F647-421E-A001-A3A1DD7471C2}.Release|Any CPU.Build.0 = Release|Any CPU
		{491E15F4-C8EF-4564-B7C9-9B3FE804A901}.Debug|Any CPU.ActiveCfg = Debug|Any CPU
		{491E15F4-C8EF-4564-B7C9-9B3FE804A901}.Debug|Any CPU.Build.0 = Debug|Any CPU
		{491E15F4-C8EF-4564-B7C9-9B3FE804A901}.Release|Any CPU.ActiveCfg = Release|Any CPU
		{491E15F4-C8EF-4564-B7C9-9B3FE804A901}.Release|Any CPU.Build.0 = Release|Any CPU
	EndGlobalSection
	GlobalSection(SolutionProperties) = preSolution
		HideSolutionNode = FALSE
	EndGlobalSection
	GlobalSection(ExtensibilityGlobals) = postSolution
		SolutionGuid = {81306C97-5EB8-498A-B98C-EF5606412A3B}
	EndGlobalSection
EndGlobal
